
Microsoft Visual Studio Solution File, Format Version 12.00
# Visual Studio Version 16
VisualStudioVersion = 16.0.30517.126
MinimumVisualStudioVersion = 10.0.40219.1
Project("{FAE04EC0-301F-11D3-BF4B-00C04F79EFBC}") = "BIT.NET.hw1.ConsoleCalculator", "BIT.NET.hw1.ConsoleCalculator\BIT.NET.hw1.ConsoleCalculator.csproj", "{E8B64706-29A1-4EE6-96F1-93D1E847B792}"
EndProject
Global
	GlobalSection(SolutionConfigurationPlatforms) = preSolution
		Debug|Any CPU = Debug|Any CPU
		Release|Any CPU = Release|Any CPU
	EndGlobalSection
	GlobalSection(ProjectConfigurationPlatforms) = postSolution
		{E8B64706-29A1-4EE6-96F1-93D1E847B792}.Debug|Any CPU.ActiveCfg = Debug|Any CPU
		{E8B64706-29A1-4EE6-96F1-93D1E847B792}.Debug|Any CPU.Build.0 = Debug|Any CPU
		{E8B64706-29A1-4EE6-96F1-93D1E847B792}.Release|Any CPU.ActiveCfg = Release|Any CPU
		{E8B64706-29A1-4EE6-96F1-93D1E847B792}.Release|Any CPU.Build.0 = Release|Any CPU
	EndGlobalSection
	GlobalSection(SolutionProperties) = preSolution
		HideSolutionNode = FALSE
	EndGlobalSection
	GlobalSection(ExtensibilityGlobals) = postSolution
		SolutionGuid = {6C97790F-8483-46A6-959C-ED6F0BDCE410}
	EndGlobalSection
EndGlobal
